Microsoft Visual Studio Solution File, Format Version 12.00
# Visual Studio 14
VisualStudioVersion = 14.0.23107.0
MinimumVisualStudioVersion = 10.0.40219.1
Project("{2150E333-8FDC-42A3-9474-1A3956D46DE8}") = "Independent Open Engine", "Independent Open Engine", "{5D147C04-3BBB-4569-A050-39F95E32A735}"
EndProject
Project("{2150E333-8FDC-42A3-9474-1A3956D46DE8}") = "Unit Tests", "Unit Tests", "{71B9FB52-6E33-41D3-BAA6-4602FE50A3F7}"
EndProject
Project("{8BC9CEB8-8B4A-11D0-8D11-00A0C91BC942}") = "IOEMemory", "..\IOE\IOEMemory\IOEMemory.vcxproj", "{E5545EEC-3B78-447D-8C7B-3DCE69E8FF41}"
EndProject
Project("{8BC9CEB8-8B4A-11D0-8D11-00A0C91BC942}") = "IOECore", "..\IOE\IOECore\IOECore.vcxproj", "{94E28567-B983-4DD1-B842-FDFF8AB79D88}"
	ProjectSection(ProjectDependencies) = postProject
		{F1200DFD-5DA6-4FDA-BC97-6C1028B84365} = {F1200DFD-5DA6-4FDA-BC97-6C1028B84365}
	EndProjectSection
EndProject
Project("{8BC9CEB8-8B4A-11D0-8D11-00A0C91BC942}") = "MemoryTest", "..\unit-tests\MemoryTest\MemoryTest.vcxproj", "{0E65CBEE-DE04-4ECE-B8AE-97400754E4A1}"
EndProject
Project("{8BC9CEB8-8B4A-11D0-8D11-00A0C91BC942}") = "IOEApplication", "..\IOE\IOEApplication\IOEApplication.vcxproj", "{32F2F46F-F8D9-4737-A5D3-0CE516274446}"
	ProjectSection(ProjectDependencies) = postProject
		{94E28567-B983-4DD1-B842-FDFF8AB79D88} = {94E28567-B983-4DD1-B842-FDFF8AB79D88}
		{ECE00578-7038-4ADB-9DE0-1FF244F7048D} = {ECE00578-7038-4ADB-9DE0-1FF244F7048D}
		{F1200DFD-5DA6-4FDA-BC97-6C1028B84365} = {F1200DFD-5DA6-4FDA-BC97-6C1028B84365}
	EndProjectSection
EndProject
Project("{2150E333-8FDC-42A3-9474-1A3956D46DE8}") = "Application", "Application", "{26DB2E48-EA59-4567-B2F9-45AB7DC5C9BF}"
EndProject
Project("{8BC9CEB8-8B4A-11D0-8D11-00A0C91BC942}") = "TestGameApplication", "..\application\TestGameApplication\TestGameApplication.vcxproj", "{DFBB16A8-C060-4D92-B485-EC78FC7F9AD7}"
	ProjectSection(ProjectDependencies) = postProject
		{94E28567-B983-4DD1-B842-FDFF8AB79D88} = {94E28567-B983-4DD1-B842-FDFF8AB79D88}
		{32F2F46F-F8D9-4737-A5D3-0CE516274446} = {32F2F46F-F8D9-4737-A5D3-0CE516274446}
		{ECE00578-7038-4ADB-9DE0-1FF244F7048D} = {ECE00578-7038-4ADB-9DE0-1FF244F7048D}
		{5471FD92-77D7-4F4A-ADCF-7117A0D13C8C} = {5471FD92-77D7-4F4A-ADCF-7117A0D13C8C}
		{CC3B2AA4-C449-4A24-8B32-1685DEE5DE83} = {CC3B2AA4-C449-4A24-8B32-1685DEE5DE83}
		{E5545EEC-3B78-447D-8C7B-3DCE69E8FF41} = {E5545EEC-3B78-447D-8C7B-3DCE69E8FF41}
		{F1200DFD-5DA6-4FDA-BC97-6C1028B84365} = {F1200DFD-5DA6-4FDA-BC97-6C1028B84365}
	EndProjectSection
EndProject
Project("{8BC9CEB8-8B4A-11D0-8D11-00A0C91BC942}") = "IOEExceptions", "..\IOE\IOEExceptions\IOEExceptions.vcxproj", "{F1200DFD-5DA6-4FDA-BC97-6C1028B84365}"
EndProject
Project("{8BC9CEB8-8B4A-11D0-8D11-00A0C91BC942}") = "IOERenderer", "..\IOE\IOERenderer\IOERenderer.vcxproj", "{ECE00578-7038-4ADB-9DE0-1FF244F7048D}"
	ProjectSection(ProjectDependencies) = postProject
		{5471FD92-77D7-4F4A-ADCF-7117A0D13C8C} = {5471FD92-77D7-4F4A-ADCF-7117A0D13C8C}
	EndProjectSection
EndProject
Project("{8BC9CEB8-8B4A-11D0-8D11-00A0C91BC942}") = "IOEMaths", "..\IOE\IOEMaths\IOEMaths.vcxproj", "{5471FD92-77D7-4F4A-ADCF-7117A0D13C8C}"
EndProject
Project("{8BC9CEB8-8B4A-11D0-8D11-00A0C91BC942}") = "IOEInput", "..\IOE\IOEInput\IOEInput.vcxproj", "{CC3B2AA4-C449-4A24-8B32-1685DEE5DE83}"
	ProjectSection(ProjectDependencies) = postProject
		{ECE00578-7038-4ADB-9DE0-1FF244F7048D} = {ECE00578-7038-4ADB-9DE0-1FF244F7048D}
	EndProjectSection
EndProject
Global
	GlobalSection(SolutionConfigurationPlatforms) = preSolution
		Debug|DX11x64 = Debug|DX11x64
		Debug|DX12x64 = Debug|DX12x64
		Debug|Win32 = Debug|Win32
		Debug|x64 = Debug|x64
		Final|DX11x64 = Final|DX11x64
		Final|DX12x64 = Final|DX12x64
		Final|Win32 = Final|Win32
		Final|x64 = Final|x64
		Release|DX11x64 = Release|DX11x64
		Release|DX12x64 = Release|DX12x64
		Release|Win32 = Release|Win32
		Release|x64 = Release|x64
	EndGlobalSection
	GlobalSection(ProjectConfigurationPlatforms) = postSolution
		{E5545EEC-3B78-447D-8C7B-3DCE69E8FF41}.Debug|DX11x64.ActiveCfg = Debug|x64
		{E5545EEC-3B78-447D-8C7B-3DCE69E8FF41}.Debug|DX11x64.Build.0 = Debug|x64
		{E5545EEC-3B78-447D-8C7B-3DCE69E8FF41}.Debug|DX12x64.ActiveCfg = Debug|x64
		{E5545EEC-3B78-447D-8C7B-3DCE69E8FF41}.Debug|DX12x64.Build.0 = Debug|x64
		{E5545EEC-3B78-447D-8C7B-3DCE69E8FF41}.Debug|Win32.ActiveCfg = Debug|Win32
		{E5545EEC-3B78-447D-8C7B-3DCE69E8FF41}.Debug|Win32.Build.0 = Debug|Win32
		{E5545EEC-3B78-447D-8C7B-3DCE69E8FF41}.Debug|x64.ActiveCfg = Debug|x64
		{E5545EEC-3B78-447D-8C7B-3DCE69E8FF41}.Debug|x64.Build.0 = Debug|x64
		{E5545EEC-3B78-447D-8C7B-3DCE69E8FF41}.Final|DX11x64.ActiveCfg = Final|x64
		{E5545EEC-3B78-447D-8C7B-3DCE69E8FF41}.Final|DX11x64.Build.0 = Final|x64
		{E5545EEC-3B78-447D-8C7B-3DCE69E8FF41}.Final|DX12x64.ActiveCfg = Final|x64
		{E5545EEC-3B78-447D-8C7B-3DCE69E8FF41}.Final|DX12x64.Build.0 = Final|x64
		{E5545EEC-3B78-447D-8C7B-3DCE69E8FF41}.Final|Win32.ActiveCfg = Final|Win32
		{E5545EEC-3B78-447D-8C7B-3DCE69E8FF41}.Final|Win32.Build.0 = Final|Win32
		{E5545EEC-3B78-447D-8C7B-3DCE69E8FF41}.Final|x64.ActiveCfg = Final|x64
		{E5545EEC-3B78-447D-8C7B-3DCE69E8FF41}.Final|x64.Build.0 = Final|x64
		{E5545EEC-3B78-447D-8C7B-3DCE69E8FF41}.Release|DX11x64.ActiveCfg = Release|x64
		{E5545EEC-3B78-447D-8C7B-3DCE69E8FF41}.Release|DX11x64.Build.0 = Release|x64
		{E5545EEC-3B78-447D-8C7B-3DCE69E8FF41}.Release|DX12x64.ActiveCfg = Release|x64
		{E5545EEC-3B78-447D-8C7B-3DCE69E8FF41}.Release|DX12x64.Build.0 = Release|x64
		{E5545EEC-3B78-447D-8C7B-3DCE69E8FF41}.Release|Win32.ActiveCfg = Release|Win32
		{E5545EEC-3B78-447D-8C7B-3DCE69E8FF41}.Release|Win32.Build.0 = Release|Win32
		{E5545EEC-3B78-447D-8C7B-3DCE69E8FF41}.Release|x64.ActiveCfg = Release|x64
		{E5545EEC-3B78-447D-8C7B-3DCE69E8FF41}.Release|x64.Build.0 = Release|x64
		{94E28567-B983-4DD1-B842-FDFF8AB79D88}.Debug|DX11x64.ActiveCfg = Debug|x64
		{94E28567-B983-4DD1-B842-FDFF8AB79D88}.Debug|DX11x64.Build.0 = Debug|x64
		{94E28567-B983-4DD1-B842-FDFF8AB79D88}.Debug|DX12x64.ActiveCfg = Debug|x64
		{94E28567-B983-4DD1-B842-FDFF8AB79D88}.Debug|DX12x64.Build.0 = Debug|x64
		{94E28567-B983-4DD1-B842-FDFF8AB79D88}.Debug|Win32.ActiveCfg = Debug|Win32
		{94E28567-B983-4DD1-B842-FDFF8AB79D88}.Debug|Win32.Build.0 = Debug|Win32
		{94E28567-B983-4DD1-B842-FDFF8AB79D88}.Debug|x64.ActiveCfg = Debug|x64
		{94E28567-B983-4DD1-B842-FDFF8AB79D88}.Debug|x64.Build.0 = Debug|x64
		{94E28567-B983-4DD1-B842-FDFF8AB79D88}.Final|DX11x64.ActiveCfg = Final|x64
		{94E28567-B983-4DD1-B842-FDFF8AB79D88}.Final|DX11x64.Build.0 = Final|x64
		{94E28567-B983-4DD1-B842-FDFF8AB79D88}.Final|DX12x64.ActiveCfg = Final|x64
		{94E28567-B983-4DD1-B842-FDFF8AB79D88}.Final|DX12x64.Build.0 = Final|x64
		{94E28567-B983-4DD1-B842-FDFF8AB79D88}.Final|Win32.ActiveCfg = Final|Win32
		{94E28567-B983-4DD1-B842-FDFF8AB79D88}.Final|Win32.Build.0 = Final|Win32
		{94E28567-B983-4DD1-B842-FDFF8AB79D88}.Final|x64.ActiveCfg = Final|x64
		{94E28567-B983-4DD1-B842-FDFF8AB79D88}.Final|x64.Build.0 = Final|x64
		{94E28567-B983-4DD1-B842-FDFF8AB79D88}.Release|DX11x64.ActiveCfg = Release|x64
		{94E28567-B983-4DD1-B842-FDFF8AB79D88}.Release|DX11x64.Build.0 = Release|x64
		{94E28567-B983-4DD1-B842-FDFF8AB79D88}.Release|DX12x64.ActiveCfg = Release|x64
		{94E28567-B983-4DD1-B842-FDFF8AB79D88}.Release|DX12x64.Build.0 = Release|x64
		{94E28567-B983-4DD1-B842-FDFF8AB79D88}.Release|Win32.ActiveCfg = Release|Win32
		{94E28567-B983-4DD1-B842-FDFF8AB79D88}.Release|Win32.Build.0 = Release|Win32
		{94E28567-B983-4DD1-B842-FDFF8AB79D88}.Release|x64.ActiveCfg = Release|x64
		{94E28567-B983-4DD1-B842-FDFF8AB79D88}.Release|x64.Build.0 = Release|x64
		{0E65CBEE-DE04-4ECE-B8AE-97400754E4A1}.Debug|DX11x64.ActiveCfg = Debug|x64
		{0E65CBEE-DE04-4ECE-B8AE-97400754E4A1}.Debug|DX12x64.ActiveCfg = Debug|x64
		{0E65CBEE-DE04-4ECE-B8AE-97400754E4A1}.Debug|Win32.ActiveCfg = Debug|Win32
		{0E65CBEE-DE04-4ECE-B8AE-97400754E4A1}.Debug|x64.ActiveCfg = Debug|x64
		{0E65CBEE-DE04-4ECE-B8AE-97400754E4A1}.Final|DX11x64.ActiveCfg = Final|x64
		{0E65CBEE-DE04-4ECE-B8AE-97400754E4A1}.Final|DX12x64.ActiveCfg = Final|x64
		{0E65CBEE-DE04-4ECE-B8AE-97400754E4A1}.Final|Win32.ActiveCfg = Final|Win32
		{0E65CBEE-DE04-4ECE-B8AE-97400754E4A1}.Final|x64.ActiveCfg = Final|x64
		{0E65CBEE-DE04-4ECE-B8AE-97400754E4A1}.Release|DX11x64.ActiveCfg = Release|x64
		{0E65CBEE-DE04-4ECE-B8AE-97400754E4A1}.Release|DX12x64.ActiveCfg = Release|x64
		{0E65CBEE-DE04-4ECE-B8AE-97400754E4A1}.Release|Win32.ActiveCfg = Release|Win32
		{0E65CBEE-DE04-4ECE-B8AE-97400754E4A1}.Release|x64.ActiveCfg = Release|x64
		{32F2F46F-F8D9-4737-A5D3-0CE516274446}.Debug|DX11x64.ActiveCfg = Debug|x64
		{32F2F46F-F8D9-4737-A5D3-0CE516274446}.Debug|DX11x64.Build.0 = Debug|x64
		{32F2F46F-F8D9-4737-A5D3-0CE516274446}.Debug|DX12x64.ActiveCfg = Debug|x64
		{32F2F46F-F8D9-4737-A5D3-0CE516274446}.Debug|DX12x64.Build.0 = Debug|x64
		{32F2F46F-F8D9-4737-A5D3-0CE516274446}.Debug|Win32.ActiveCfg = Debug|Win32
		{32F2F46F-F8D9-4737-A5D3-0CE516274446}.Debug|Win32.Build.0 = Debug|Win32
		{32F2F46F-F8D9-4737-A5D3-0CE516274446}.Debug|x64.ActiveCfg = Debug|x64
		{32F2F46F-F8D9-4737-A5D3-0CE516274446}.Debug|x64.Build.0 = Debug|x64
		{32F2F46F-F8D9-4737-A5D3-0CE516274446}.Final|DX11x64.ActiveCfg = Final|x64
		{32F2F46F-F8D9-4737-A5D3-0CE516274446}.Final|DX11x64.Build.0 = Final|x64
		{32F2F46F-F8D9-4737-A5D3-0CE516274446}.Final|DX12x64.ActiveCfg = Final|x64
		{32F2F46F-F8D9-4737-A5D3-0CE516274446}.Final|DX12x64.Build.0 = Final|x64
		{32F2F46F-F8D9-4737-A5D3-0CE516274446}.Final|Win32.ActiveCfg = Final|Win32
		{32F2F46F-F8D9-4737-A5D3-0CE516274446}.Final|Win32.Build.0 = Final|Win32
		{32F2F46F-F8D9-4737-A5D3-0CE516274446}.Final|x64.ActiveCfg = Final|x64
		{32F2F46F-F8D9-4737-A5D3-0CE516274446}.Final|x64.Build.0 = Final|x64
		{32F2F46F-F8D9-4737-A5D3-0CE516274446}.Release|DX11x64.ActiveCfg = Release|x64
		{32F2F46F-F8D9-4737-A5D3-0CE516274446}.Release|DX11x64.Build.0 = Release|x64
		{32F2F46F-F8D9-4737-A5D3-0CE516274446}.Release|DX12x64.ActiveCfg = Release|x64
		{32F2F46F-F8D9-4737-A5D3-0CE516274446}.Release|DX12x64.Build.0 = Release|x64
		{32F2F46F-F8D9-4737-A5D3-0CE516274446}.Release|Win32.ActiveCfg = Release|Win32
		{32F2F46F-F8D9-4737-A5D3-0CE516274446}.Release|Win32.Build.0 = Release|Win32
		{32F2F46F-F8D9-4737-A5D3-0CE516274446}.Release|x64.ActiveCfg = Release|x64
		{32F2F46F-F8D9-4737-A5D3-0CE516274446}.Release|x64.Build.0 = Release|x64
		{DFBB16A8-C060-4D92-B485-EC78FC7F9AD7}.Debug|DX11x64.ActiveCfg = Debug|x64
		{DFBB16A8-C060-4D92-B485-EC78FC7F9AD7}.Debug|DX11x64.Build.0 = Debug|x64
		{DFBB16A8-C060-4D92-B485-EC78FC7F9AD7}.Debug|DX12x64.ActiveCfg = Debug|x64
		{DFBB16A8-C060-4D92-B485-EC78FC7F9AD7}.Debug|DX12x64.Build.0 = Debug|x64
		{DFBB16A8-C060-4D92-B485-EC78FC7F9AD7}.Debug|Win32.ActiveCfg = Debug|Win32
		{DFBB16A8-C060-4D92-B485-EC78FC7F9AD7}.Debug|Win32.Build.0 = Debug|Win32
		{DFBB16A8-C060-4D92-B485-EC78FC7F9AD7}.Debug|x64.ActiveCfg = Debug|x64
		{DFBB16A8-C060-4D92-B485-EC78FC7F9AD7}.Debug|x64.Build.0 = Debug|x64
		{DFBB16A8-C060-4D92-B485-EC78FC7F9AD7}.Final|DX11x64.ActiveCfg = Final|x64
		{DFBB16A8-C060-4D92-B485-EC78FC7F9AD7}.Final|DX11x64.Build.0 = Final|x64
		{DFBB16A8-C060-4D92-B485-EC78FC7F9AD7}.Final|DX12x64.ActiveCfg = Final|x64
		{DFBB16A8-C060-4D92-B485-EC78FC7F9AD7}.Final|DX12x64.Build.0 = Final|x64
		{DFBB16A8-C060-4D92-B485-EC78FC7F9AD7}.Final|Win32.ActiveCfg = Final|Win32
		{DFBB16A8-C060-4D92-B485-EC78FC7F9AD7}.Final|Win32.Build.0 = Final|Win32
		{DFBB16A8-C060-4D92-B485-EC78FC7F9AD7}.Final|x64.ActiveCfg = Final|x64
		{DFBB16A8-C060-4D92-B485-EC78FC7F9AD7}.Final|x64.Build.0 = Final|x64
		{DFBB16A8-C060-4D92-B485-EC78FC7F9AD7}.Release|DX11x64.ActiveCfg = Release|x64
		{DFBB16A8-C060-4D92-B485-EC78FC7F9AD7}.Release|DX11x64.Build.0 = Release|x64
		{DFBB16A8-C060-4D92-B485-EC78FC7F9AD7}.Release|DX12x64.ActiveCfg = Release|x64
		{DFBB16A8-C060-4D92-B485-EC78FC7F9AD7}.Release|DX12x64.Build.0 = Release|x64
		{DFBB16A8-C060-4D92-B485-EC78FC7F9AD7}.Release|Win32.ActiveCfg = Release|Win32
		{DFBB16A8-C060-4D92-B485-EC78FC7F9AD7}.Release|Win32.Build.0 = Release|Win32
		{DFBB16A8-C060-4D92-B485-EC78FC7F9AD7}.Release|x64.ActiveCfg = Release|x64
		{DFBB16A8-C060-4D92-B485-EC78FC7F9AD7}.Release|x64.Build.0 = Release|x64
		{F1200DFD-5DA6-4FDA-BC97-6C1028B84365}.Debug|DX11x64.ActiveCfg = Debug|x64
		{F1200DFD-5DA6-4FDA-BC97-6C1028B84365}.Debug|DX11x64.Build.0 = Debug|x64
		{F1200DFD-5DA6-4FDA-BC97-6C1028B84365}.Debug|DX12x64.ActiveCfg = Debug|x64
		{F1200DFD-5DA6-4FDA-BC97-6C1028B84365}.Debug|DX12x64.Build.0 = Debug|x64
		{F1200DFD-5DA6-4FDA-BC97-6C1028B84365}.Debug|Win32.ActiveCfg = Debug|Win32
		{F1200DFD-5DA6-4FDA-BC97-6C1028B84365}.Debug|Win32.Build.0 = Debug|Win32
		{F1200DFD-5DA6-4FDA-BC97-6C1028B84365}.Debug|x64.ActiveCfg = Debug|x64
		{F1200DFD-5DA6-4FDA-BC97-6C1028B84365}.Debug|x64.Build.0 = Debug|x64
		{F1200DFD-5DA6-4FDA-BC97-6C1028B84365}.Final|DX11x64.ActiveCfg = Final|x64
		{F1200DFD-5DA6-4FDA-BC97-6C1028B84365}.Final|DX11x64.Build.0 = Final|x64
		{F1200DFD-5DA6-4FDA-BC97-6C1028B84365}.Final|DX12x64.ActiveCfg = Final|x64
		{F1200DFD-5DA6-4FDA-BC97-6C1028B84365}.Final|DX12x64.Build.0 = Final|x64
		{F1200DFD-5DA6-4FDA-BC97-6C1028B84365}.Final|Win32.ActiveCfg = Final|Win32
		{F1200DFD-5DA6-4FDA-BC97-6C1028B84365}.Final|Win32.Build.0 = Final|Win32
		{F1200DFD-5DA6-4FDA-BC97-6C1028B84365}.Final|x64.ActiveCfg = Final|x64
		{F1200DFD-5DA6-4FDA-BC97-6C1028B84365}.Final|x64.Build.0 = Final|x64
		{F1200DFD-5DA6-4FDA-BC97-6C1028B84365}.Release|DX11x64.ActiveCfg = Release|x64
		{F1200DFD-5DA6-4FDA-BC97-6C1028B84365}.Release|DX11x64.Build.0 = Release|x64
		{F1200DFD-5DA6-4FDA-BC97-6C1028B84365}.Release|DX12x64.ActiveCfg = Release|x64
		{F1200DFD-5DA6-4FDA-BC97-6C1028B84365}.Release|DX12x64.Build.0 = Release|x64
		{F1200DFD-5DA6-4FDA-BC97-6C1028B84365}.Release|Win32.ActiveCfg = Release|Win32
		{F1200DFD-5DA6-4FDA-BC97-6C1028B84365}.Release|Win32.Build.0 = Release|Win32
		{F1200DFD-5DA6-4FDA-BC97-6C1028B84365}.Release|x64.ActiveCfg = Release|x64
		{F1200DFD-5DA6-4FDA-BC97-6C1028B84365}.Release|x64.Build.0 = Release|x64
		{ECE00578-7038-4ADB-9DE0-1FF244F7048D}.Debug|DX11x64.ActiveCfg = DX11_Debug|x64
		{ECE00578-7038-4ADB-9DE0-1FF244F7048D}.Debug|DX11x64.Build.0 = DX11_Debug|x64
		{ECE00578-7038-4ADB-9DE0-1FF244F7048D}.Debug|DX12x64.ActiveCfg = DX12_Debug|x64
		{ECE00578-7038-4ADB-9DE0-1FF244F7048D}.Debug|DX12x64.Build.0 = DX12_Debug|x64
		{ECE00578-7038-4ADB-9DE0-1FF244F7048D}.Debug|Win32.ActiveCfg = Debug|Win32
		{ECE00578-7038-4ADB-9DE0-1FF244F7048D}.Debug|Win32.Build.0 = Debug|Win32
		{ECE00578-7038-4ADB-9DE0-1FF244F7048D}.Debug|x64.ActiveCfg = Debug|x64
		{ECE00578-7038-4ADB-9DE0-1FF244F7048D}.Debug|x64.Build.0 = Debug|x64
		{ECE00578-7038-4ADB-9DE0-1FF244F7048D}.Final|DX11x64.ActiveCfg = DX11_Final|x64
		{ECE00578-7038-4ADB-9DE0-1FF244F7048D}.Final|DX11x64.Build.0 = DX11_Final|x64
		{ECE00578-7038-4ADB-9DE0-1FF244F7048D}.Final|DX12x64.ActiveCfg = DX12_Final|x64
		{ECE00578-7038-4ADB-9DE0-1FF244F7048D}.Final|DX12x64.Build.0 = DX12_Final|x64
		{ECE00578-7038-4ADB-9DE0-1FF244F7048D}.Final|Win32.ActiveCfg = Final|Win32
		{ECE00578-7038-4ADB-9DE0-1FF244F7048D}.Final|Win32.Build.0 = Final|Win32
		{ECE00578-7038-4ADB-9DE0-1FF244F7048D}.Final|x64.ActiveCfg = Final|x64
		{ECE00578-7038-4ADB-9DE0-1FF244F7048D}.Final|x64.Build.0 = Final|x64
		{ECE00578-7038-4ADB-9DE0-1FF244F7048D}.Release|DX11x64.ActiveCfg = DX11_Release|x64
		{ECE00578-7038-4ADB-9DE0-1FF244F7048D}.Release|DX11x64.Build.0 = DX11_Release|x64
		{ECE00578-7038-4ADB-9DE0-1FF244F7048D}.Release|DX12x64.ActiveCfg = DX12_Release|x64
		{ECE00578-7038-4ADB-9DE0-1FF244F7048D}.Release|DX12x64.Build.0 = DX12_Release|x64
		{ECE00578-7038-4ADB-9DE0-1FF244F7048D}.Release|Win32.ActiveCfg = Release|Win32
		{ECE00578-7038-4ADB-9DE0-1FF244F7048D}.Release|Win32.Build.0 = Release|Win32
		{ECE00578-7038-4ADB-9DE0-1FF244F7048D}.Release|x64.ActiveCfg = Release|x64
		{ECE00578-7038-4ADB-9DE0-1FF244F7048D}.Release|x64.Build.0 = Release|x64
		{5471FD92-77D7-4F4A-ADCF-7117A0D13C8C}.Debug|DX11x64.ActiveCfg = Debug|x64
		{5471FD92-77D7-4F4A-ADCF-7117A0D13C8C}.Debug|DX11x64.Build.0 = Debug|x64
		{5471FD92-77D7-4F4A-ADCF-7117A0D13C8C}.Debug|DX12x64.ActiveCfg = Debug|x64
		{5471FD92-77D7-4F4A-ADCF-7117A0D13C8C}.Debug|DX12x64.Build.0 = Debug|x64
		{5471FD92-77D7-4F4A-ADCF-7117A0D13C8C}.Debug|Win32.ActiveCfg = Debug|Win32
		{5471FD92-77D7-4F4A-ADCF-7117A0D13C8C}.Debug|Win32.Build.0 = Debug|Win32
		{5471FD92-77D7-4F4A-ADCF-7117A0D13C8C}.Debug|x64.ActiveCfg = Debug|x64
		{5471FD92-77D7-4F4A-ADCF-7117A0D13C8C}.Debug|x64.Build.0 = Debug|x64
		{5471FD92-77D7-4F4A-ADCF-7117A0D13C8C}.Final|DX11x64.ActiveCfg = Final|x64
		{5471FD92-77D7-4F4A-ADCF-7117A0D13C8C}.Final|DX11x64.Build.0 = Final|x64
		{5471FD92-77D7-4F4A-ADCF-7117A0D13C8C}.Final|DX12x64.ActiveCfg = Final|x64
		{5471FD92-77D7-4F4A-ADCF-7117A0D13C8C}.Final|DX12x64.Build.0 = Final|x64
		{5471FD92-77D7-4F4A-ADCF-7117A0D13C8C}.Final|Win32.ActiveCfg = Release|Win32
		{5471FD92-77D7-4F4A-ADCF-7117A0D13C8C}.Final|Win32.Build.0 = Release|Win32
		{5471FD92-77D7-4F4A-ADCF-7117A0D13C8C}.Final|x64.ActiveCfg = Final|x64
		{5471FD92-77D7-4F4A-ADCF-7117A0D13C8C}.Final|x64.Build.0 = Final|x64
		{5471FD92-77D7-4F4A-ADCF-7117A0D13C8C}.Release|DX11x64.ActiveCfg = Release|x64
		{5471FD92-77D7-4F4A-ADCF-7117A0D13C8C}.Release|DX11x64.Build.0 = Release|x64
		{5471FD92-77D7-4F4A-ADCF-7117A0D13C8C}.Release|DX12x64.ActiveCfg = Release|x64
		{5471FD92-77D7-4F4A-ADCF-7117A0D13C8C}.Release|DX12x64.Build.0 = Release|x64
		{5471FD92-77D7-4F4A-ADCF-7117A0D13C8C}.Release|Win32.ActiveCfg = Release|Win32
		{5471FD92-77D7-4F4A-ADCF-7117A0D13C8C}.Release|Win32.Build.0 = Release|Win32
		{5471FD92-77D7-4F4A-ADCF-7117A0D13C8C}.Release|x64.ActiveCfg = Release|x64
		{5471FD92-77D7-4F4A-ADCF-7117A0D13C8C}.Release|x64.Build.0 = Release|x64
		{CC3B2AA4-C449-4A24-8B32-1685DEE5DE83}.Debug|DX11x64.ActiveCfg = Debug|x64
		{CC3B2AA4-C449-4A24-8B32-1685DEE5DE83}.Debug|DX11x64.Build.0 = Debug|x64
		{CC3B2AA4-C449-4A24-8B32-1685DEE5DE83}.Debug|DX12x64.ActiveCfg = Debug|x64
		{CC3B2AA4-C449-4A24-8B32-1685DEE5DE83}.Debug|DX12x64.Build.0 = Debug|x64
		{CC3B2AA4-C449-4A24-8B32-1685DEE5DE83}.Debug|Win32.ActiveCfg = Debug|Win32
		{CC3B2AA4-C449-4A24-8B32-1685DEE5DE83}.Debug|Win32.Build.0 = Debug|Win32
		{CC3B2AA4-C449-4A24-8B32-1685DEE5DE83}.Debug|x64.ActiveCfg = Debug|x64
		{CC3B2AA4-C449-4A24-8B32-1685DEE5DE83}.Debug|x64.Build.0 = Debug|x64
		{CC3B2AA4-C449-4A24-8B32-1685DEE5DE83}.Final|DX11x64.ActiveCfg = Final|x64
		{CC3B2AA4-C449-4A24-8B32-1685DEE5DE83}.Final|DX11x64.Build.0 = Final|x64
		{CC3B2AA4-C449-4A24-8B32-1685DEE5DE83}.Final|DX12x64.ActiveCfg = Final|x64
		{CC3B2AA4-C449-4A24-8B32-1685DEE5DE83}.Final|DX12x64.Build.0 = Final|x64
		{CC3B2AA4-C449-4A24-8B32-1685DEE5DE83}.Final|Win32.ActiveCfg = Final|Win32
		{CC3B2AA4-C449-4A24-8B32-1685DEE5DE83}.Final|Win32.Build.0 = Final|Win32
		{CC3B2AA4-C449-4A24-8B32-1685DEE5DE83}.Final|x64.ActiveCfg = Final|x64
		{CC3B2AA4-C449-4A24-8B32-1685DEE5DE83}.Final|x64.Build.0 = Final|x64
		{CC3B2AA4-C449-4A24-8B32-1685DEE5DE83}.Release|DX11x64.ActiveCfg = Release|x64
		{CC3B2AA4-C449-4A24-8B32-1685DEE5DE83}.Release|DX11x64.Build.0 = Release|x64
		{CC3B2AA4-C449-4A24-8B32-1685DEE5DE83}.Release|DX12x64.ActiveCfg = Release|x64
		{CC3B2AA4-C449-4A24-8B32-1685DEE5DE83}.Release|DX12x64.Build.0 = Release|x64
		{CC3B2AA4-C449-4A24-8B32-1685DEE5DE83}.Release|Win32.ActiveCfg = Release|Win32
		{CC3B2AA4-C449-4A24-8B32-1685DEE5DE83}.Release|Win32.Build.0 = Release|Win32
		{CC3B2AA4-C449-4A24-8B32-1685DEE5DE83}.Release|x64.ActiveCfg = Release|x64
		{CC3B2AA4-C449-4A24-8B32-1685DEE5DE83}.Release|x64.Build.0 = Release|x64
	EndGlobalSection
	GlobalSection(SolutionProperties) = preSolution
		HideSolutionNode = FALSE
	EndGlobalSection
	GlobalSection(NestedProjects) = preSolution
		{E5545EEC-3B78-447D-8C7B-3DCE69E8FF41} = {5D147C04-3BBB-4569-A050-39F95E32A735}
		{94E28567-B983-4DD1-B842-FDFF8AB79D88} = {5D147C04-3BBB-4569-A050-39F95E32A735}
		{0E65CBEE-DE04-4ECE-B8AE-97400754E4A1} = {71B9FB52-6E33-41D3-BAA6-4602FE50A3F7}
		{32F2F46F-F8D9-4737-A5D3-0CE516274446} = {5D147C04-3BBB-4569-A050-39F95E32A735}
		{DFBB16A8-C060-4D92-B485-EC78FC7F9AD7} = {26DB2E48-EA59-4567-B2F9-45AB7DC5C9BF}
		{F1200DFD-5DA6-4FDA-BC97-6C1028B84365} = {5D147C04-3BBB-4569-A050-39F95E32A735}
		{ECE00578-7038-4ADB-9DE0-1FF244F7048D} = {5D147C04-3BBB-4569-A050-39F95E32A735}
		{5471FD92-77D7-4F4A-ADCF-7117A0D13C8C} = {5D147C04-3BBB-4569-A050-39F95E32A735}
		{CC3B2AA4-C449-4A24-8B32-1685DEE5DE83} = {5D147C04-3BBB-4569-A050-39F95E32A735}
	EndGlobalSection
EndGlobal
